# This file is autogenerated, do not edit; changes may be undone by the next 'dep ensure'.


[[projects]]
  branch = "master"
  name = "github.com/neovim/go-client"
  packages = [
    "msgpack",
    "msgpack/rpc",
    "nvim",
    "nvim/plugin"
  ]
  revision = "9ff6dbd3a83f86119a14095c3635eb77ffa7bc90"

[solve-meta]
  analyzer-name = "dep"
  analyzer-version = 1
  inputs-digest = "9c9f13ade5f048298e1dcec5936f7ee17ab98726494a3a73a8e015dfc50e86cc"
  solver-name = "gps-cdcl"
  solver-version = 1
